
Microsoft Visual Studio Solution File, Format Version 12.00
# Visual Studio Version 17
VisualStudioVersion = 17.14.36717.8 d17.14
MinimumVisualStudioVersion = 10.0.40219.1
Project("{C9674DCB-5085-4A16-B785-4C70DD1589BD}") = "Wk5_Deliverable_1", "Wk5_Deliverable_1\Wk5_Deliverable_1.dtproj", "{84490B34-5DC5-5AF1-F420-7BEA35F22FCE}"
EndProject
Global
	GlobalSection(SolutionConfigurationPlatforms) = preSolution
		Development|Default = Development|Default
	EndGlobalSection
	GlobalSection(ProjectConfigurationPlatforms) = postSolution
		{84490B34-5DC5-5AF1-F420-7BEA35F22FCE}.Development|Default.ActiveCfg = Development
		{84490B34-5DC5-5AF1-F420-7BEA35F22FCE}.Development|Default.Build.0 = Development
	EndGlobalSection
	GlobalSection(SolutionProperties) = preSolution
		HideSolutionNode = FALSE
	EndGlobalSection
	GlobalSection(ExtensibilityGlobals) = postSolution
		SolutionGuid = {53EBE922-B43F-451D-A2FE-2877C731115C}
	EndGlobalSection
EndGlobal
